
Microsoft Visual Studio Solution File, Format Version 12.00
# Visual Studio Version 17
VisualStudioVersion = 17.5.33530.505
MinimumVisualStudioVersion = 10.0.40219.1
Project("{FAE04EC0-301F-11D3-BF4B-00C04F79EFBC}") = "DemoEFCore6Udemy", "DemoEFCore6Udemy\DemoEFCore6Udemy.csproj", "{D67520E3-8F65-4842-806C-C81BED80AD43}"
EndProject
Global
	GlobalSection(SolutionConfigurationPlatforms) = preSolution
		Debug|Any CPU = Debug|Any CPU
		Release|Any CPU = Release|Any CPU
	EndGlobalSection
	GlobalSection(ProjectConfigurationPlatforms) = postSolution
		{D67520E3-8F65-4842-806C-C81BED80AD43}.Debug|Any CPU.ActiveCfg = Debug|Any CPU
		{D67520E3-8F65-4842-806C-C81BED80AD43}.Debug|Any CPU.Build.0 = Debug|Any CPU
		{D67520E3-8F65-4842-806C-C81BED80AD43}.Release|Any CPU.ActiveCfg = Release|Any CPU
		{D67520E3-8F65-4842-806C-C81BED80AD43}.Release|Any CPU.Build.0 = Release|Any CPU
	EndGlobalSection
	GlobalSection(SolutionProperties) = preSolution
		HideSolutionNode = FALSE
	EndGlobalSection
	GlobalSection(ExtensibilityGlobals) = postSolution
		SolutionGuid = {F45F2B71-D2C2-415F-93C6-1CED2A6AC663}
	EndGlobalSection
EndGlobal
